PODS:
  - CocoaAsyncSocket (7.4.3):
    - CocoaAsyncSocket/All (= 7.4.3)
  - CocoaAsyncSocket/All (7.4.3):
    - CocoaAsyncSocket/GCD
    - CocoaAsyncSocket/RunLoop
  - CocoaAsyncSocket/GCD (7.4.3)
  - CocoaAsyncSocket/RunLoop (7.4.3)
  - CocoaLumberjack (2.3.0):
    - CocoaLumberjack/Default (= 2.3.0)
    - CocoaLumberjack/Extensions (= 2.3.0)
  - CocoaLumberjack/Core (2.3.0)
  - CocoaLumberjack/Default (2.3.0):
    - CocoaLumberjack/Core
  - CocoaLumberjack/Extensions (2.3.0):
    - CocoaLumberjack/Default
  - PaperTrailLumberjack (1.0.3):
    - CocoaAsyncSocket
    - CocoaLumberjack (~> 2.2)

DEPENDENCIES:
  - PaperTrailLumberjack (from `../..`)

EXTERNAL SOURCES:
  PaperTrailLumberjack:
    :path: "../.."

SPEC CHECKSUMS:
  CocoaAsyncSocket: a18c75dca4b08723628a0bacca6e94803d90be91
  CocoaLumberjack: 97fab7ee5f507fe54445cca7ea80f926729cfd15
  PaperTrailLumberjack: fc1b624909303a67ef2aaceecfdae0c085d13281

PODFILE CHECKSUM: 1fab8e7aa8a45541751a1b7bace4e34f2715634d

COCOAPODS: 1.0.1
